
Microsoft Visual Studio Solution File, Format Version 12.00
# Visual Studio Version 17
VisualStudioVersion = 17.12.36631.10
MinimumVisualStudioVersion = 10.0.40219.1
Project("{FAE04EC0-301F-11D3-BF4B-00C04F79EFBC}") = "ReflectionSample", "ReflectionSample\ReflectionSample.csproj", "{12BB3415-B04B-402B-A2DE-C9C66CFCCC23}"
EndProject
Project("{FAE04EC0-301F-11D3-BF4B-00C04F79EFBC}") = "SampleLibrary", "SampleLibrary\SampleLibrary.csproj", "{F09604B4-46EA-4830-A1E3-121F66D860B8}"
EndProject
Project("{FAE04EC0-301F-11D3-BF4B-00C04F79EFBC}") = "SampleInterface", "SampleInterface\SampleInterface.csproj", "{671CE5C3-65AD-4B91-92BA-058234D00FB5}"
EndProject
Project("{FAE04EC0-301F-11D3-BF4B-00C04F79EFBC}") = "WinFormsApp1", "WinFormsApp1\WinFormsApp1.csproj", "{8795D5CA-1D1A-4467-95BD-0390D7BF4EA3}"
EndProject
Project("{2150E333-8FDC-42A3-9474-1A3956D46DE8}") = "LINQ", "LINQ", "{692A36E8-48EE-47EF-8B7B-2E03F4BCAA5D}"
EndProject
Project("{FAE04EC0-301F-11D3-BF4B-00C04F79EFBC}") = "BigFileSample", "BigFileSample\BigFileSample.csproj", "{BAFEA427-666D-4E91-8599-75166C14F08A}"
EndProject
Project("{FAE04EC0-301F-11D3-BF4B-00C04F79EFBC}") = "LinqSample", "LinqSample\LinqSample.csproj", "{53E628D7-9F13-45BF-8CDE-E65F9E3EC6BF}"
EndProject
Project("{FAE04EC0-301F-11D3-BF4B-00C04F79EFBC}") = "LinqDeepDive", "LinqDeepDive\LinqDeepDive.csproj", "{988E663D-615E-474B-BAAF-0D48E579BD90}"
EndProject
Project("{2150E333-8FDC-42A3-9474-1A3956D46DE8}") = "DependencyInjection", "DependencyInjection", "{6CE17E7F-A994-4B7A-93BC-8772DE4CFA3B}"
EndProject
Project("{FAE04EC0-301F-11D3-BF4B-00C04F79EFBC}") = "AutofacSample", "AutofacSample\AutofacSample.csproj", "{6F127592-2B13-4077-97F8-365EBB2FEC40}"
EndProject
Project("{FAE04EC0-301F-11D3-BF4B-00C04F79EFBC}") = "MovieApi", "MovieApi\MovieApi.csproj", "{64E2495D-3381-48BC-B95F-B379590D9B4A}"
EndProject
Project("{2150E333-8FDC-42A3-9474-1A3956D46DE8}") = "MultithreadingUndTasks", "MultithreadingUndTasks", "{EFA94F6D-6F3C-475A-92F5-68B6092D2CEF}"
EndProject
Project("{FAE04EC0-301F-11D3-BF4B-00C04F79EFBC}") = "ThreadingSample", "ThreadingSample\ThreadingSample.csproj", "{F5A22F29-7952-4DB5-8113-76F08C5E9339}"
EndProject
Project("{FAE04EC0-301F-11D3-BF4B-00C04F79EFBC}") = "BlockingCollectionSample", "BlockingCollectionSample\BlockingCollectionSample.csproj", "{A4AB2A39-2069-4FB0-B933-982F26FAD7E3}"
EndProject
Project("{FAE04EC0-301F-11D3-BF4B-00C04F79EFBC}") = "TaskSample", "TaskSample\TaskSample.csproj", "{2F31AAD2-CD23-4BD2-A818-7457C5553F01}"
EndProject
Project("{FAE04EC0-301F-11D3-BF4B-00C04F79EFBC}") = "WpfTask", "WpfTask\WpfTask.csproj", "{5F722A90-DFEA-4056-93F2-808889F79959}"
EndProject
Project("{FAE04EC0-301F-11D3-BF4B-00C04F79EFBC}") = "ParallelSample", "ParallelSample\ParallelSample.csproj", "{ECDD4748-2462-4FDC-9988-60F54E748E73}"
EndProject
Global
	GlobalSection(SolutionConfigurationPlatforms) = preSolution
		Debug|Any CPU = Debug|Any CPU
		Release|Any CPU = Release|Any CPU
	EndGlobalSection
	GlobalSection(ProjectConfigurationPlatforms) = postSolution
		{12BB3415-B04B-402B-A2DE-C9C66CFCCC23}.Debug|Any CPU.ActiveCfg = Debug|Any CPU
		{12BB3415-B04B-402B-A2DE-C9C66CFCCC23}.Debug|Any CPU.Build.0 = Debug|Any CPU
		{12BB3415-B04B-402B-A2DE-C9C66CFCCC23}.Release|Any CPU.ActiveCfg = Release|Any CPU
		{12BB3415-B04B-402B-A2DE-C9C66CFCCC23}.Release|Any CPU.Build.0 = Release|Any CPU
		{F09604B4-46EA-4830-A1E3-121F66D860B8}.Debug|Any CPU.ActiveCfg = Debug|Any CPU
		{F09604B4-46EA-4830-A1E3-121F66D860B8}.Debug|Any CPU.Build.0 = Debug|Any CPU
		{F09604B4-46EA-4830-A1E3-121F66D860B8}.Release|Any CPU.ActiveCfg = Release|Any CPU
		{F09604B4-46EA-4830-A1E3-121F66D860B8}.Release|Any CPU.Build.0 = Release|Any CPU
		{671CE5C3-65AD-4B91-92BA-058234D00FB5}.Debug|Any CPU.ActiveCfg = Debug|Any CPU
		{671CE5C3-65AD-4B91-92BA-058234D00FB5}.Debug|Any CPU.Build.0 = Debug|Any CPU
		{671CE5C3-65AD-4B91-92BA-058234D00FB5}.Release|Any CPU.ActiveCfg = Release|Any CPU
		{671CE5C3-65AD-4B91-92BA-058234D00FB5}.Release|Any CPU.Build.0 = Release|Any CPU
		{8795D5CA-1D1A-4467-95BD-0390D7BF4EA3}.Debug|Any CPU.ActiveCfg = Debug|Any CPU
		{8795D5CA-1D1A-4467-95BD-0390D7BF4EA3}.Debug|Any CPU.Build.0 = Debug|Any CPU
		{8795D5CA-1D1A-4467-95BD-0390D7BF4EA3}.Release|Any CPU.ActiveCfg = Release|Any CPU
		{8795D5CA-1D1A-4467-95BD-0390D7BF4EA3}.Release|Any CPU.Build.0 = Release|Any CPU
		{BAFEA427-666D-4E91-8599-75166C14F08A}.Debug|Any CPU.ActiveCfg = Debug|Any CPU
		{BAFEA427-666D-4E91-8599-75166C14F08A}.Debug|Any CPU.Build.0 = Debug|Any CPU
		{BAFEA427-666D-4E91-8599-75166C14F08A}.Release|Any CPU.ActiveCfg = Release|Any CPU
		{BAFEA427-666D-4E91-8599-75166C14F08A}.Release|Any CPU.Build.0 = Release|Any CPU
		{53E628D7-9F13-45BF-8CDE-E65F9E3EC6BF}.Debug|Any CPU.ActiveCfg = Debug|Any CPU
		{53E628D7-9F13-45BF-8CDE-E65F9E3EC6BF}.Debug|Any CPU.Build.0 = Debug|Any CPU
		{53E628D7-9F13-45BF-8CDE-E65F9E3EC6BF}.Release|Any CPU.ActiveCfg = Release|Any CPU
		{53E628D7-9F13-45BF-8CDE-E65F9E3EC6BF}.Release|Any CPU.Build.0 = Release|Any CPU
		{988E663D-615E-474B-BAAF-0D48E579BD90}.Debug|Any CPU.ActiveCfg = Debug|Any CPU
		{988E663D-615E-474B-BAAF-0D48E579BD90}.Debug|Any CPU.Build.0 = Debug|Any CPU
		{988E663D-615E-474B-BAAF-0D48E579BD90}.Release|Any CPU.ActiveCfg = Release|Any CPU
		{988E663D-615E-474B-BAAF-0D48E579BD90}.Release|Any CPU.Build.0 = Release|Any CPU
		{6F127592-2B13-4077-97F8-365EBB2FEC40}.Debug|Any CPU.ActiveCfg = Debug|Any CPU
		{6F127592-2B13-4077-97F8-365EBB2FEC40}.Debug|Any CPU.Build.0 = Debug|Any CPU
		{6F127592-2B13-4077-97F8-365EBB2FEC40}.Release|Any CPU.ActiveCfg = Release|Any CPU
		{6F127592-2B13-4077-97F8-365EBB2FEC40}.Release|Any CPU.Build.0 = Release|Any CPU
		{64E2495D-3381-48BC-B95F-B379590D9B4A}.Debug|Any CPU.ActiveCfg = Debug|Any CPU
		{64E2495D-3381-48BC-B95F-B379590D9B4A}.Debug|Any CPU.Build.0 = Debug|Any CPU
		{64E2495D-3381-48BC-B95F-B379590D9B4A}.Release|Any CPU.ActiveCfg = Release|Any CPU
		{64E2495D-3381-48BC-B95F-B379590D9B4A}.Release|Any CPU.Build.0 = Release|Any CPU
		{F5A22F29-7952-4DB5-8113-76F08C5E9339}.Debug|Any CPU.ActiveCfg = Debug|Any CPU
		{F5A22F29-7952-4DB5-8113-76F08C5E9339}.Debug|Any CPU.Build.0 = Debug|Any CPU
		{F5A22F29-7952-4DB5-8113-76F08C5E9339}.Release|Any CPU.ActiveCfg = Release|Any CPU
		{F5A22F29-7952-4DB5-8113-76F08C5E9339}.Release|Any CPU.Build.0 = Release|Any CPU
		{A4AB2A39-2069-4FB0-B933-982F26FAD7E3}.Debug|Any CPU.ActiveCfg = Debug|Any CPU
		{A4AB2A39-2069-4FB0-B933-982F26FAD7E3}.Debug|Any CPU.Build.0 = Debug|Any CPU
		{A4AB2A39-2069-4FB0-B933-982F26FAD7E3}.Release|Any CPU.ActiveCfg = Release|Any CPU
		{A4AB2A39-2069-4FB0-B933-982F26FAD7E3}.Release|Any CPU.Build.0 = Release|Any CPU
		{2F31AAD2-CD23-4BD2-A818-7457C5553F01}.Debug|Any CPU.ActiveCfg = Debug|Any CPU
		{2F31AAD2-CD23-4BD2-A818-7457C5553F01}.Debug|Any CPU.Build.0 = Debug|Any CPU
		{2F31AAD2-CD23-4BD2-A818-7457C5553F01}.Release|Any CPU.ActiveCfg = Release|Any CPU
		{2F31AAD2-CD23-4BD2-A818-7457C5553F01}.Release|Any CPU.Build.0 = Release|Any CPU
		{5F722A90-DFEA-4056-93F2-808889F79959}.Debug|Any CPU.ActiveCfg = Debug|Any CPU
		{5F722A90-DFEA-4056-93F2-808889F79959}.Debug|Any CPU.Build.0 = Debug|Any CPU
		{5F722A90-DFEA-4056-93F2-808889F79959}.Release|Any CPU.ActiveCfg = Release|Any CPU
		{5F722A90-DFEA-4056-93F2-808889F79959}.Release|Any CPU.Build.0 = Release|Any CPU
		{ECDD4748-2462-4FDC-9988-60F54E748E73}.Debug|Any CPU.ActiveCfg = Debug|Any CPU
		{ECDD4748-2462-4FDC-9988-60F54E748E73}.Debug|Any CPU.Build.0 = Debug|Any CPU
		{ECDD4748-2462-4FDC-9988-60F54E748E73}.Release|Any CPU.ActiveCfg = Release|Any CPU
		{ECDD4748-2462-4FDC-9988-60F54E748E73}.Release|Any CPU.Build.0 = Release|Any CPU
	EndGlobalSection
	GlobalSection(SolutionProperties) = preSolution
		HideSolutionNode = FALSE
	EndGlobalSection
	GlobalSection(NestedProjects) = preSolution
		{BAFEA427-666D-4E91-8599-75166C14F08A} = {692A36E8-48EE-47EF-8B7B-2E03F4BCAA5D}
		{53E628D7-9F13-45BF-8CDE-E65F9E3EC6BF} = {692A36E8-48EE-47EF-8B7B-2E03F4BCAA5D}
		{988E663D-615E-474B-BAAF-0D48E579BD90} = {692A36E8-48EE-47EF-8B7B-2E03F4BCAA5D}
		{6F127592-2B13-4077-97F8-365EBB2FEC40} = {6CE17E7F-A994-4B7A-93BC-8772DE4CFA3B}
		{64E2495D-3381-48BC-B95F-B379590D9B4A} = {6CE17E7F-A994-4B7A-93BC-8772DE4CFA3B}
		{F5A22F29-7952-4DB5-8113-76F08C5E9339} = {EFA94F6D-6F3C-475A-92F5-68B6092D2CEF}
		{A4AB2A39-2069-4FB0-B933-982F26FAD7E3} = {EFA94F6D-6F3C-475A-92F5-68B6092D2CEF}
		{2F31AAD2-CD23-4BD2-A818-7457C5553F01} = {EFA94F6D-6F3C-475A-92F5-68B6092D2CEF}
		{5F722A90-DFEA-4056-93F2-808889F79959} = {EFA94F6D-6F3C-475A-92F5-68B6092D2CEF}
		{ECDD4748-2462-4FDC-9988-60F54E748E73} = {EFA94F6D-6F3C-475A-92F5-68B6092D2CEF}
	EndGlobalSection
EndGlobal
