
Microsoft Visual Studio Solution File, Format Version 12.00
# Visual Studio Version 17
VisualStudioVersion = 17.12.36631.10 d17.12
MinimumVisualStudioVersion = 10.0.40219.1
Project("{FAE04EC0-301F-11D3-BF4B-00C04F79EFBC}") = "ReflectionSample", "ReflectionSample\ReflectionSample.csproj", "{12BB3415-B04B-402B-A2DE-C9C66CFCCC23}"
EndProject
Project("{FAE04EC0-301F-11D3-BF4B-00C04F79EFBC}") = "SampleLibrary", "SampleLibrary\SampleLibrary.csproj", "{F09604B4-46EA-4830-A1E3-121F66D860B8}"
EndProject
Project("{FAE04EC0-301F-11D3-BF4B-00C04F79EFBC}") = "SampleInterface", "SampleInterface\SampleInterface.csproj", "{671CE5C3-65AD-4B91-92BA-058234D00FB5}"
EndProject
Project("{FAE04EC0-301F-11D3-BF4B-00C04F79EFBC}") = "WinFormsApp1", "WinFormsApp1\WinFormsApp1.csproj", "{8795D5CA-1D1A-4467-95BD-0390D7BF4EA3}"
EndProject
Project("{2150E333-8FDC-42A3-9474-1A3956D46DE8}") = "LINQ", "LINQ", "{692A36E8-48EE-47EF-8B7B-2E03F4BCAA5D}"
EndProject
Project("{FAE04EC0-301F-11D3-BF4B-00C04F79EFBC}") = "BigFileSample", "BigFileSample\BigFileSample.csproj", "{BAFEA427-666D-4E91-8599-75166C14F08A}"
EndProject
Global
	GlobalSection(SolutionConfigurationPlatforms) = preSolution
		Debug|Any CPU = Debug|Any CPU
		Release|Any CPU = Release|Any CPU
	EndGlobalSection
	GlobalSection(ProjectConfigurationPlatforms) = postSolution
		{12BB3415-B04B-402B-A2DE-C9C66CFCCC23}.Debug|Any CPU.ActiveCfg = Debug|Any CPU
		{12BB3415-B04B-402B-A2DE-C9C66CFCCC23}.Debug|Any CPU.Build.0 = Debug|Any CPU
		{12BB3415-B04B-402B-A2DE-C9C66CFCCC23}.Release|Any CPU.ActiveCfg = Release|Any CPU
		{12BB3415-B04B-402B-A2DE-C9C66CFCCC23}.Release|Any CPU.Build.0 = Release|Any CPU
		{F09604B4-46EA-4830-A1E3-121F66D860B8}.Debug|Any CPU.ActiveCfg = Debug|Any CPU
		{F09604B4-46EA-4830-A1E3-121F66D860B8}.Debug|Any CPU.Build.0 = Debug|Any CPU
		{F09604B4-46EA-4830-A1E3-121F66D860B8}.Release|Any CPU.ActiveCfg = Release|Any CPU
		{F09604B4-46EA-4830-A1E3-121F66D860B8}.Release|Any CPU.Build.0 = Release|Any CPU
		{671CE5C3-65AD-4B91-92BA-058234D00FB5}.Debug|Any CPU.ActiveCfg = Debug|Any CPU
		{671CE5C3-65AD-4B91-92BA-058234D00FB5}.Debug|Any CPU.Build.0 = Debug|Any CPU
		{671CE5C3-65AD-4B91-92BA-058234D00FB5}.Release|Any CPU.ActiveCfg = Release|Any CPU
		{671CE5C3-65AD-4B91-92BA-058234D00FB5}.Release|Any CPU.Build.0 = Release|Any CPU
		{8795D5CA-1D1A-4467-95BD-0390D7BF4EA3}.Debug|Any CPU.ActiveCfg = Debug|Any CPU
		{8795D5CA-1D1A-4467-95BD-0390D7BF4EA3}.Debug|Any CPU.Build.0 = Debug|Any CPU
		{8795D5CA-1D1A-4467-95BD-0390D7BF4EA3}.Release|Any CPU.ActiveCfg = Release|Any CPU
		{8795D5CA-1D1A-4467-95BD-0390D7BF4EA3}.Release|Any CPU.Build.0 = Release|Any CPU
		{BAFEA427-666D-4E91-8599-75166C14F08A}.Debug|Any CPU.ActiveCfg = Debug|Any CPU
		{BAFEA427-666D-4E91-8599-75166C14F08A}.Debug|Any CPU.Build.0 = Debug|Any CPU
		{BAFEA427-666D-4E91-8599-75166C14F08A}.Release|Any CPU.ActiveCfg = Release|Any CPU
		{BAFEA427-666D-4E91-8599-75166C14F08A}.Release|Any CPU.Build.0 = Release|Any CPU
	EndGlobalSection
	GlobalSection(SolutionProperties) = preSolution
		HideSolutionNode = FALSE
	EndGlobalSection
	GlobalSection(NestedProjects) = preSolution
		{BAFEA427-666D-4E91-8599-75166C14F08A} = {692A36E8-48EE-47EF-8B7B-2E03F4BCAA5D}
	EndGlobalSection
EndGlobal
